
Microsoft Visual Studio Solution File, Format Version 12.00
# Visual Studio Version 16
VisualStudioVersion = 16.0.29418.71
MinimumVisualStudioVersion = 10.0.40219.1
Project("{FAE04EC0-301F-11D3-BF4B-00C04F79EFBC}") = "Course141", "Course141\Course141.csproj", "{E2F1C33E-C12F-43A3-AEAD-E91378399CA4}"
EndProject
Global
	GlobalSection(SolutionConfigurationPlatforms) = preSolution
		Debug|Any CPU = Debug|Any CPU
		Release|Any CPU = Release|Any CPU
	EndGlobalSection
	GlobalSection(ProjectConfigurationPlatforms) = postSolution
		{E2F1C33E-C12F-43A3-AEAD-E91378399CA4}.Debug|Any CPU.ActiveCfg = Debug|Any CPU
		{E2F1C33E-C12F-43A3-AEAD-E91378399CA4}.Debug|Any CPU.Build.0 = Debug|Any CPU
		{E2F1C33E-C12F-43A3-AEAD-E91378399CA4}.Release|Any CPU.ActiveCfg = Release|Any CPU
		{E2F1C33E-C12F-43A3-AEAD-E91378399CA4}.Release|Any CPU.Build.0 = Release|Any CPU
	EndGlobalSection
	GlobalSection(SolutionProperties) = preSolution
		HideSolutionNode = FALSE
	EndGlobalSection
	GlobalSection(ExtensibilityGlobals) = postSolution
		SolutionGuid = {3F7794AC-7BD9-475F-BF09-105AA569F420}
	EndGlobalSection
EndGlobal
